Microsoft Visual Studio Solution File, Format Version 12.00
Project("{FAE04EC0-301F-11D3-BF4B-00C04F79EFBC}") = "JSInteropTest", "JSInteropTest\JSInteropTest.csproj", "{4F982C3D-B473-4FF4-97A7-D82951A84F20}"
EndProject
Project("{FAE04EC0-301F-11D3-BF4B-00C04F79EFBC}") = "OtherAssembly", "OtherAssembly\OtherAssembly.csproj", "{FA488CF5-8753-41A6-A9BA-012F035932BE}"
EndProject
Global
	GlobalSection(SolutionConfigurationPlatforms) = preSolution
		Debug|Any CPU = Debug|Any CPU
		Release|Any CPU = Release|Any CPU
	EndGlobalSection
	GlobalSection(ProjectConfigurationPlatforms) = postSolution
		{4F982C3D-B473-4FF4-97A7-D82951A84F20}.Debug|Any CPU.ActiveCfg = Debug|Any CPU
		{4F982C3D-B473-4FF4-97A7-D82951A84F20}.Debug|Any CPU.Build.0 = Debug|Any CPU
		{4F982C3D-B473-4FF4-97A7-D82951A84F20}.Release|Any CPU.ActiveCfg = Release|Any CPU
		{4F982C3D-B473-4FF4-97A7-D82951A84F20}.Release|Any CPU.Build.0 = Release|Any CPU
		{FA488CF5-8753-41A6-A9BA-012F035932BE}.Debug|Any CPU.ActiveCfg = Debug|Any CPU
		{FA488CF5-8753-41A6-A9BA-012F035932BE}.Debug|Any CPU.Build.0 = Debug|Any CPU
		{FA488CF5-8753-41A6-A9BA-012F035932BE}.Release|Any CPU.ActiveCfg = Release|Any CPU
		{FA488CF5-8753-41A6-A9BA-012F035932BE}.Release|Any CPU.Build.0 = Release|Any CPU
	EndGlobalSection
EndGlobal
